
Microsoft Visual Studio Solution File, Format Version 12.00
# Visual Studio Version 16
VisualStudioVersion = 16.0.30330.147
MinimumVisualStudioVersion = 10.0.40219.1
Project("{FAE04EC0-301F-11D3-BF4B-00C04F79EFBC}") = "R6ServerChanger", "R6ServerChanger\R6ServerChanger.csproj", "{BF2DD86D-4FE6-4B21-8F21-76B4AD8E3400}"
EndProject
Global
	GlobalSection(SolutionConfigurationPlatforms) = preSolution
		Debug|Any CPU = Debug|Any CPU
		Release|Any CPU = Release|Any CPU
	EndGlobalSection
	GlobalSection(ProjectConfigurationPlatforms) = postSolution
		{BF2DD86D-4FE6-4B21-8F21-76B4AD8E3400}.Debug|Any CPU.ActiveCfg = Debug|Any CPU
		{BF2DD86D-4FE6-4B21-8F21-76B4AD8E3400}.Debug|Any CPU.Build.0 = Debug|Any CPU
		{BF2DD86D-4FE6-4B21-8F21-76B4AD8E3400}.Release|Any CPU.ActiveCfg = Release|Any CPU
		{BF2DD86D-4FE6-4B21-8F21-76B4AD8E3400}.Release|Any CPU.Build.0 = Release|Any CPU
	EndGlobalSection
	GlobalSection(SolutionProperties) = preSolution
		HideSolutionNode = FALSE
	EndGlobalSection
	GlobalSection(ExtensibilityGlobals) = postSolution
		SolutionGuid = {427D0E78-F1E5-4C4D-AE2D-B89F7D4D08FE}
	EndGlobalSection
EndGlobal
